
Microsoft Visual Studio Solution File, Format Version 12.00
# Visual Studio 15
VisualStudioVersion = 15.0.28307.1022
MinimumVisualStudioVersion = 10.0.40219.1
Project("{F2A71F9B-5D33-465A-A702-920D77279786}") = "HW8", "HW8\HW8.fsproj", "{1D27162F-9266-4684-8560-4821AC02330C}"
EndProject
Global
	GlobalSection(SolutionConfigurationPlatforms) = preSolution
		Debug|Any CPU = Debug|Any CPU
		Release|Any CPU = Release|Any CPU
	EndGlobalSection
	GlobalSection(ProjectConfigurationPlatforms) = postSolution
		{1D27162F-9266-4684-8560-4821AC02330C}.Debug|Any CPU.ActiveCfg = Debug|Any CPU
		{1D27162F-9266-4684-8560-4821AC02330C}.Debug|Any CPU.Build.0 = Debug|Any CPU
		{1D27162F-9266-4684-8560-4821AC02330C}.Release|Any CPU.ActiveCfg = Release|Any CPU
		{1D27162F-9266-4684-8560-4821AC02330C}.Release|Any CPU.Build.0 = Release|Any CPU
	EndGlobalSection
	GlobalSection(SolutionProperties) = preSolution
		HideSolutionNode = FALSE
	EndGlobalSection
	GlobalSection(ExtensibilityGlobals) = postSolution
		SolutionGuid = {32CC65AD-1851-4CF8-8D01-90ED6C358654}
	EndGlobalSection
EndGlobal
